// !$*UTF8*$!
{
	archiveVersion = 1;
	classes = {
	};
	objectVersion = 48;
	objects = {

/* Begin PBXBuildFile section */
		813DEE601FCE23C6007FE62A /* AppDelegate.swift in Sources */ = {isa = PBXBuildFile; fileRef = 813DEE5F1FCE23C6007FE62A /* AppDelegate.swift */; };
		813DEE621FCE23C6007FE62A /* ViewController.swift in Sources */ = {isa = PBXBuildFile; fileRef = 813DEE611FCE23C6007FE62A /* ViewController.swift */; };
		813DEE651FCE23C6007FE62A /* Main.storyboard in Resources */ = {isa = PBXBuildFile; fileRef = 813DEE631FCE23C6007FE62A /* Main.storyboard */; };
		813DEE671FCE23C6007FE62A /* Assets.xcassets in Resources */ = {isa = PBXBuildFile; fileRef = 813DEE661FCE23C6007FE62A /* Assets.xcassets */; };
		813DEE6A1FCE23C6007FE62A /* LaunchScreen.storyboard in Resources */ = {isa = PBXBuildFile; fileRef = 813DEE681FCE23C6007FE62A /* LaunchScreen.storyboard */; };
/* End PBXBuildFile section */

/* Begin PBXFileReference section */
		813DEE5C1FCE23C6007FE62A /* LoadingImages-Exercises.app */ = {isa = PBXFileReference; explicitFileType = wrapper.application; includeInIndex = 0; path = "LoadingImages-Exercises.app"; sourceTree = BUILT_PRODUCTS_DIR; };
		813DEE5F1FCE23C6007FE62A /* AppDelegate.swift */ = {isa = PBXFileReference; lastKnownFileType = sourcecode.swift; path = AppDelegate.swift; sourceTree = "<group>"; };
		813DEE611FCE23C6007FE62A /* ViewController.swift */ = {isa = PBXFileReference; lastKnownFileType = sourcecode.swift; path = ViewController.swift; sourceTree = "<group>"; };
		813DEE641FCE23C6007FE62A /* Base */ = {isa = PBXFileReference; lastKnownFileType = file.storyboard; name = Base; path = Base.lproj/Main.storyboard; sourceTree = "<group>"; };
		813DEE661FCE23C6007FE62A /* Assets.xcassets */ = {isa = PBXFileReference; lastKnownFileType = folder.assetcatalog; path = Assets.xcassets; sourceTree = "<group>"; };
		813DEE691FCE23C6007FE62A /* Base */ = {isa = PBXFileReference; lastKnownFileType = file.storyboard; name = Base; path = Base.lproj/LaunchScreen.storyboard; sourceTree = "<group>"; };
		813DEE6B1FCE23C6007FE62A /* Info.plist */ = {isa = PBXFileReference; lastKnownFileType = text.plist.xml; path = Info.plist; sourceTree = "<group>"; };
/* End PBXFileReference section */

/* Begin PBXFrameworksBuildPhase section */
		813DEE591FCE23C6007FE62A /* Frameworks */ = {
			isa = PBXFrameworksBuildPhase;
			buildActionMask = 2147483647;
			files = (
			);
			runOnlyForDeploymentPostprocessing = 0;
		};
/* End PBXFrameworksBuildPhase section */

/* Begin PBXGroup section */
		813DEE531FCE23C6007FE62A = {
			isa = PBXGroup;
			children = (
				813DEE5E1FCE23C6007FE62A /* LoadingImages-Exercises */,
				813DEE5D1FCE23C6007FE62A /* Products */,
			);
			sourceTree = "<group>";
		};
		813DEE5D1FCE23C6007FE62A /* Products */ = {
			isa = PBXGroup;
			children = (
				813DEE5C1FCE23C6007FE62A /* LoadingImages-Exercises.app */,
			);
			name = Products;
			sourceTree = "<group>";
		};
		813DEE5E1FCE23C6007FE62A /* LoadingImages-Exercises */ = {
			isa = PBXGroup;
			children = (
				813DEE5F1FCE23C6007FE62A /* AppDelegate.swift */,
				813DEE611FCE23C6007FE62A /* ViewController.swift */,
				813DEE631FCE23C6007FE62A /* Main.storyboard */,
				813DEE661FCE23C6007FE62A /* Assets.xcassets */,
				813DEE681FCE23C6007FE62A /* LaunchScreen.storyboard */,
				813DEE6B1FCE23C6007FE62A /* Info.plist */,
			);
			path = "LoadingImages-Exercises";
			sourceTree = "<group>";
		};
/* End PBXGroup section */

/* Begin PBXNativeTarget section */
		813DEE5B1FCE23C6007FE62A /* LoadingImages-Exercises */ = {
			isa = PBXNativeTarget;
			buildConfigurationList = 813DEE6E1FCE23C6007FE62A /* Build configuration list for PBXNativeTarget "LoadingImages-Exercises" */;
			buildPhases = (
				813DEE581FCE23C6007FE62A /* Sources */,
				813DEE591FCE23C6007FE62A /* Frameworks */,
				813DEE5A1FCE23C6007FE62A /* Resources */,
			);
			buildRules = (
			);
			dependencies = (
			);
			name = "LoadingImages-Exercises";
			productName = "LoadingImages-Exercises";
			productReference = 813DEE5C1FCE23C6007FE62A /* LoadingImages-Exercises.app */;
			productType = "com.apple.product-type.application";
		};
/* End PBXNativeTarget section */

/* Begin PBXProject section */
		813DEE541FCE23C6007FE62A /* Project object */ = {
			isa = PBXProject;
			attributes = {
				LastSwiftUpdateCheck = 0900;
				LastUpgradeCheck = 0900;
				ORGANIZATIONNAME = "Melissa He @ C4Q";
				TargetAttributes = {
					813DEE5B1FCE23C6007FE62A = {
						CreatedOnToolsVersion = 9.0;
						ProvisioningStyle = Automatic;
					};
				};
			};
			buildConfigurationList = 813DEE571FCE23C6007FE62A /* Build configuration list for PBXProject "LoadingImages-Exercises" */;
			compatibilityVersion = "Xcode 8.0";
			developmentRegion = en;
			hasScannedForEncodings = 0;
			knownRegions = (
				en,
				Base,
			);
			mainGroup = 813DEE531FCE23C6007FE62A;
			productRefGroup = 813DEE5D1FCE23C6007FE62A /* Products */;
			projectDirPath = "";
			projectRoot = "";
			targets = (
				813DEE5B1FCE23C6007FE62A /* LoadingImages-Exercises */,
			);
		};
/* End PBXProject section */

/* Begin PBXResourcesBuildPhase section */
		813DEE5A1FCE23C6007FE62A /* Resources */ = {
			isa = PBXResourcesBuildPhase;
			buildActionMask = 2147483647;
			files = (
				813DEE6A1FCE23C6007FE62A /* LaunchScreen.storyboard in Resources */,
				813DEE671FCE23C6007FE62A /* Assets.xcassets in Resources */,
				813DEE651FCE23C6007FE62A /* Main.storyboard in Resources */,
			);
			runOnlyForDeploymentPostprocessing = 0;
		};
/* End PBXResourcesBuildPhase section */

/* Begin PBXSourcesBuildPhase section */
		813DEE581FCE23C6007FE62A /* Sources */ = {
			isa = PBXSourcesBuildPhase;
			buildActionMask = 2147483647;
			files = (
				813DEE621FCE23C6007FE62A /* ViewController.swift in Sources */,
				813DEE601FCE23C6007FE62A /* AppDelegate.swift in Sources */,
			);
			runOnlyForDeploymentPostprocessing = 0;
		};
/* End PBXSourcesBuildPhase section */

/* Begin PBXVariantGroup section */
		813DEE631FCE23C6007FE62A /* Main.storyboard */ = {
			isa = PBXVariantGroup;
			children = (
				813DEE641FCE23C6007FE62A /* Base */,
			);
			name = Main.storyboard;
			sourceTree = "<group>";
		};
		813DEE681FCE23C6007FE62A /* LaunchScreen.storyboard */ = {
			isa = PBXVariantGroup;
			children = (
				813DEE691FCE23C6007FE62A /* Base */,
			);
			name = LaunchScreen.storyboard;
			sourceTree = "<group>";
		};
/* End PBXVariantGroup section */

/* Begin XCBuildConfiguration section */
		813DEE6C1FCE23C6007FE62A /* Debug */ = {
			isa = XCBuildConfiguration;
			buildSettings = {
				ALWAYS_SEARCH_USER_PATHS = NO;
				CLANG_ANALYZER_NONNULL = YES;
				CLANG_ANALYZER_NUMBER_OBJECT_CONVERSION = YES_AGGRESSIVE;
				CLANG_CXX_LANGUAGE_STANDARD = "gnu++14";
				CLANG_CXX_LIBRARY = "libc++";
				CLANG_ENABLE_MODULES = YES;
				CLANG_ENABLE_OBJC_ARC = YES;
				CLANG_WARN_BLOCK_CAPTURE_AUTORELEASING = YES;
				CLANG_WARN_BOOL_CONVERSION = YES;
				CLANG_WARN_COMMA = YES;
				CLANG_WARN_CONSTANT_CONVERSION = YES;
				CLANG_WARN_DIRECT_OBJC_ISA_USAGE = YES_ERROR;
				CLANG_WARN_DOCUMENTATION_COMMENTS = YES;
				CLANG_WARN_EMPTY_BODY = YES;
				CLANG_WARN_ENUM_CONVERSION = YES;
				CLANG_WARN_INFINITE_RECURSION = YES;
				CLANG_WARN_INT_CONVERSION = YES;
				CLANG_WARN_NON_LITERAL_NULL_CONVERSION = YES;
				CLANG_WARN_OBJC_LITERAL_CONVERSION = YES;
				CLANG_WARN_OBJC_ROOT_CLASS = YES_ERROR;
				CLANG_WARN_RANGE_LOOP_ANALYSIS = YES;
				CLANG_WARN_STRICT_PROTOTYPES = YES;
				CLANG_WARN_SUSPICIOUS_MOVE = YES;
				CLANG_WARN_UNGUARDED_AVAILABILITY = YES_AGGRESSIVE;
				CLANG_WARN_UNREACHABLE_CODE = YES;
				CLANG_WARN__DUPLICATE_METHOD_MATCH = YES;
				CODE_SIGN_IDENTITY = "iPhone Developer";
				COPY_PHASE_STRIP = NO;
				DEBUG_INFORMATION_FORMAT = dwarf;
				ENABLE_STRICT_OBJC_MSGSEND = YES;
				ENABLE_TESTABILITY = YES;
				GCC_C_LANGUAGE_STANDARD = gnu11;
				GCC_DYNAMIC_NO_PIC = NO;
				GCC_NO_COMMON_BLOCKS = YES;
				GCC_OPTIMIZATION_LEVEL = 0;
				GCC_PREPROCESSOR_DEFINITIONS = (
					"DEBUG=1",
					"$(inherited)",
				);
				GCC_WARN_64_TO_32_BIT_CONVERSION = YES;
				GCC_WARN_ABOUT_RETURN_TYPE = YES_ERROR;
				GCC_WARN_UNDECLARED_SELECTOR = YES;
				GCC_WARN_UNINITIALIZED_AUTOS = YES_AGGRESSIVE;
				GCC_WARN_UNUSED_FUNCTION = YES;
				GCC_WARN_UNUSED_VARIABLE = YES;
				IPHONEOS_DEPLOYMENT_TARGET = 11.0;
				MTL_ENABLE_DEBUG_INFO = YES;
				ONLY_ACTIVE_ARCH = YES;
				SDKROOT = iphoneos;
				SWIFT_ACTIVE_COMPILATION_CONDITIONS = DEBUG;
				SWIFT_OPTIMIZATION_LEVEL = "-Onone";
			};
			name = Debug;
		};
		813DEE6D1FCE23C6007FE62A /* Release */ = {
			isa = XCBuildConfiguration;
			buildSettings = {
				ALWAYS_SEARCH_USER_PATHS = NO;
				CLANG_ANALYZER_NONNULL = YES;
				CLANG_ANALYZER_NUMBER_OBJECT_CONVERSION = YES_AGGRESSIVE;
				CLANG_CXX_LANGUAGE_STANDARD = "gnu++14";
				CLANG_CXX_LIBRARY = "libc++";
				CLANG_ENABLE_MODULES = YES;
				CLANG_ENABLE_OBJC_ARC = YES;
				CLANG_WARN_BLOCK_CAPTURE_AUTORELEASING = YES;
				CLANG_WARN_BOOL_CONVERSION = YES;
				CLANG_WARN_COMMA = YES;
				CLANG_WARN_CONSTANT_CONVERSION = YES;
				CLANG_WARN_DIRECT_OBJC_ISA_USAGE = YES_ERROR;
				CLANG_WARN_DOCUMENTATION_COMMENTS = YES;
				CLANG_WARN_EMPTY_BODY = YES;
				CLANG_WARN_ENUM_CONVERSION = YES;
				CLANG_WARN_INFINITE_RECURSION = YES;
				CLANG_WARN_INT_CONVERSION = YES;
				CLANG_WARN_NON_LITERAL_NULL_CONVERSION = YES;
				CLANG_WARN_OBJC_LITERAL_CONVERSION = YES;
				CLANG_WARN_OBJC_ROOT_CLASS = YES_ERROR;
				CLANG_WARN_RANGE_LOOP_ANALYSIS = YES;
				CLANG_WARN_STRICT_PROTOTYPES = YES;
				CLANG_WARN_SUSPICIOUS_MOVE = YES;
				CLANG_WARN_UNGUARDED_AVAILABILITY = YES_AGGRESSIVE;
				CLANG_WARN_UNREACHABLE_CODE = YES;
				CLANG_WARN__DUPLICATE_METHOD_MATCH = YES;
				CODE_SIGN_IDENTITY = "iPhone Developer";
				COPY_PHASE_STRIP = NO;
				DEBUG_INFORMATION_FORMAT = "dwarf-with-dsym";
				ENABLE_NS_ASSERTIONS = NO;
				ENABLE_STRICT_OBJC_MSGSEND = YES;
				GCC_C_LANGUAGE_STANDARD = gnu11;
				GCC_NO_COMMON_BLOCKS = YES;
				GCC_WARN_64_TO_32_BIT_CONVERSION = YES;
				GCC_WARN_ABOUT_RETURN_TYPE = YES_ERROR;
				GCC_WARN_UNDECLARED_SELECTOR = YES;
				GCC_WARN_UNINITIALIZED_AUTOS = YES_AGGRESSIVE;
				GCC_WARN_UNUSED_FUNCTION = YES;
				GCC_WARN_UNUSED_VARIABLE = YES;
				IPHONEOS_DEPLOYMENT_TARGET = 11.0;
				MTL_ENABLE_DEBUG_INFO = NO;
				SDKROOT = iphoneos;
				SWIFT_OPTIMIZATION_LEVEL = "-Owholemodule";
				VALIDATE_PRODUCT = YES;
			};
			name = Release;
		};
		813DEE6F1FCE23C6007FE62A /* Debug */ = {
			isa = XCBuildConfiguration;
			buildSettings = {
				ASSETCATALOG_COMPILER_APPICON_NAME = AppIcon;
				CODE_SIGN_STYLE = Automatic;
				DEVELOPMENT_TEAM = M6644XK36Y;
				INFOPLIST_FILE = "LoadingImages-Exercises/Info.plist";
				LD_RUNPATH_SEARCH_PATHS = "$(inherited) @executable_path/Frameworks";
				PRODUCT_BUNDLE_IDENTIFIER = "Melissa-He.LoadingImages-Exercises";
				PRODUCT_NAME = "$(TARGET_NAME)";
				SWIFT_VERSION = 4.0;
				TARGETED_DEVICE_FAMILY = "1,2";
			};
			name = Debug;
		};
		813DEE701FCE23C6007FE62A /* Release */ = {
			isa = XCBuildConfiguration;
			buildSettings = {
				ASSETCATALOG_COMPILER_APPICON_NAME = AppIcon;
				CODE_SIGN_STYLE = Automatic;
				DEVELOPMENT_TEAM = M6644XK36Y;
				INFOPLIST_FILE = "LoadingImages-Exercises/Info.plist";
				LD_RUNPATH_SEARCH_PATHS = "$(inherited) @executable_path/Frameworks";
				PRODUCT_BUNDLE_IDENTIFIER = "Melissa-He.LoadingImages-Exercises";
				PRODUCT_NAME = "$(TARGET_NAME)";
				SWIFT_VERSION = 4.0;
				TARGETED_DEVICE_FAMILY = "1,2";
			};
			name = Release;
		};
/* End XCBuildConfiguration section */

/* Begin XCConfigurationList section */
		813DEE571FCE23C6007FE62A /* Build configuration list for PBXProject "LoadingImages-Exercises" */ = {
			isa = XCConfigurationList;
			buildConfigurations = (
				813DEE6C1FCE23C6007FE62A /* Debug */,
				813DEE6D1FCE23C6007FE62A /* Release */,
			);
			defaultConfigurationIsVisible = 0;
			defaultConfigurationName = Release;
		};
		813DEE6E1FCE23C6007FE62A /* Build configuration list for PBXNativeTarget "LoadingImages-Exercises" */ = {
			isa = XCConfigurationList;
			buildConfigurations = (
				813DEE6F1FCE23C6007FE62A /* Debug */,
				813DEE701FCE23C6007FE62A /* Release */,
			);
			defaultConfigurationIsVisible = 0;
			defaultConfigurationName = Release;
		};
/* End XCConfigurationList section */
	};
	rootObject = 813DEE541FCE23C6007FE62A /* Project object */;
}
